
Microsoft Visual Studio Solution File, Format Version 12.00
# Visual Studio 15
VisualStudioVersion = 15.0.28307.1082
MinimumVisualStudioVersion = 10.0.40219.1
Project("{FAE04EC0-301F-11D3-BF4B-00C04F79EFBC}") = "GameStore", "GameStore\GameStore.csproj", "{60C6DC12-BF4D-4D49-BF4E-70ECBEE2CB79}"
EndProject
Global
	GlobalSection(SolutionConfigurationPlatforms) = preSolution
		Debug|Any CPU = Debug|Any CPU
		Release|Any CPU = Release|Any CPU
	EndGlobalSection
	GlobalSection(ProjectConfigurationPlatforms) = postSolution
		{60C6DC12-BF4D-4D49-BF4E-70ECBEE2CB79}.Debug|Any CPU.ActiveCfg = Debug|Any CPU
		{60C6DC12-BF4D-4D49-BF4E-70ECBEE2CB79}.Debug|Any CPU.Build.0 = Debug|Any CPU
		{60C6DC12-BF4D-4D49-BF4E-70ECBEE2CB79}.Release|Any CPU.ActiveCfg = Release|Any CPU
		{60C6DC12-BF4D-4D49-BF4E-70ECBEE2CB79}.Release|Any CPU.Build.0 = Release|Any CPU
	EndGlobalSection
	GlobalSection(SolutionProperties) = preSolution
		HideSolutionNode = FALSE
	EndGlobalSection
	GlobalSection(ExtensibilityGlobals) = postSolution
		SolutionGuid = {CD9E9BA2-713B-4D29-917F-11C3E610B974}
	EndGlobalSection
EndGlobal
